
Microsoft Visual Studio Solution File, Format Version 12.00
# Visual Studio 14
VisualStudioVersion = 14.0.25420.1
MinimumVisualStudioVersion = 10.0.40219.1
Project("{FAE04EC0-301F-11D3-BF4B-00C04F79EFBC}") = "Course project", "Course project\Course project.csproj", "{0A2B5B26-17AE-4717-AEDF-5F272D2690DE}"
EndProject
Project("{54435603-DBB4-11D2-8724-00A0C9A8B90C}") = "Notes_setup", "Notes_setup\Notes_setup.vdproj", "{B7C443D3-E94C-4B14-9EDD-1F532584C009}"
EndProject
Global
	GlobalSection(SolutionConfigurationPlatforms) = preSolution
		Debug|Any CPU = Debug|Any CPU
		Release|Any CPU = Release|Any CPU
	EndGlobalSection
	GlobalSection(ProjectConfigurationPlatforms) = postSolution
		{0A2B5B26-17AE-4717-AEDF-5F272D2690DE}.Debug|Any CPU.ActiveCfg = Debug|Any CPU
		{0A2B5B26-17AE-4717-AEDF-5F272D2690DE}.Debug|Any CPU.Build.0 = Debug|Any CPU
		{0A2B5B26-17AE-4717-AEDF-5F272D2690DE}.Release|Any CPU.ActiveCfg = Release|Any CPU
		{0A2B5B26-17AE-4717-AEDF-5F272D2690DE}.Release|Any CPU.Build.0 = Release|Any CPU
		{B7C443D3-E94C-4B14-9EDD-1F532584C009}.Debug|Any CPU.ActiveCfg = Debug
		{B7C443D3-E94C-4B14-9EDD-1F532584C009}.Release|Any CPU.ActiveCfg = Release
	EndGlobalSection
	GlobalSection(SolutionProperties) = preSolution
		HideSolutionNode = FALSE
	EndGlobalSection
EndGlobal
